{
  "originHash" : "7ee4bdef0d3fa21befd4af3a7073b5ba5c494af4a90fa60287323d5537b8a6b1",
  "pins" : [
    {
      "identity" : "amplitude-swift",
      "kind" : "remoteSourceControl",
      "location" : "https://github.com/amplitude/Amplitude-Swift.git",
      "state" : {
        "revision" : "1707b47e26f0f5856316299efa4404597e676a03",
        "version" : "1.19.2"
      }
    },
    {
      "identity" : "amplitudecore-swift",
      "kind" : "remoteSourceControl",
      "location" : "https://github.com/amplitude/AmplitudeCore-Swift.git",
      "state" : {
        "revision" : "78083c4fbd276735821025aec8601f06ace01bd1",
        "version" : "1.5.4"
      }
    },
    {
      "identity" : "analytics-connector-ios",
      "kind" : "remoteSourceControl",
      "location" : "https://github.com/amplitude/analytics-connector-ios.git",
      "state" : {
        "revision" : "6d1a5b9666192861342b70ea0b2274180a5e1d4f",
        "version" : "1.3.3"
      }
    },
    {
      "identity" : "bugsnag-cocoa",
      "kind" : "remoteSourceControl",
      "location" : "https://github.com/bugsnag/bugsnag-cocoa.git",
      "state" : {
        "revision" : "de1c4bebde61309d5ceac4bb44a85269f115126f",
        "version" : "6.38.0"
      }
    },
    {
      "identity" : "kingfisher",
      "kind" : "remoteSourceControl",
      "location" : "https://github.com/onevcat/Kingfisher.git",
      "state" : {
        "revision" : "be0d257b9bd47a4e6e1265fc8c237411825f107a",
        "version" : "8.12.0"
      }
    }
  ],
  "version" : 3
}
